
Microsoft Visual Studio Solution File, Format Version 12.00
# Visual Studio Version 16
VisualStudioVersion = 16.0.28822.285
MinimumVisualStudioVersion = 10.0.40219.1
Project("{FAE04EC0-301F-11D3-BF4B-00C04F79EFBC}") = "ConsoleApp1", "ConsoleApp1\ConsoleApp1.csproj", "{66D883CC-E7D8-45BD-A174-B56821BD238B}"
EndProject
Project("{2150E333-8FDC-42A3-9474-1A3956D46DE8}") = "labs", "labs", "{50F404F4-F4F4-4CF7-8BFE-DB79C9D581DC}"
	ProjectSection(SolutionItems) = preProject
		..\..\Лабы\pdf\ЛАБОРАТОРНАЯ РАБОТА 2.pdf = ..\..\Лабы\pdf\ЛАБОРАТОРНАЯ РАБОТА 2.pdf
		..\..\Лабы\pdf\ЛАБОРАТОРНАЯ РАБОТА 3.pdf = ..\..\Лабы\pdf\ЛАБОРАТОРНАЯ РАБОТА 3.pdf
	EndProjectSection
EndProject
Project("{2150E333-8FDC-42A3-9474-1A3956D46DE8}") = "naumenko", "naumenko", "{9BA51176-2B94-40A4-9504-FDD65B035905}"
EndProject
Project("{FAE04EC0-301F-11D3-BF4B-00C04F79EFBC}") = "ConsoleApp2", "ConsoleApp2\ConsoleApp2.csproj", "{CE27D9C3-5432-438D-AFFE-DD1D1F94838B}"
EndProject
Project("{FAE04EC0-301F-11D3-BF4B-00C04F79EFBC}") = "ConsoleApp3", "ConsoleApp3\ConsoleApp3.csproj", "{8D6B2C6B-C7ED-4B5B-A7D1-CF80A0EC6603}"
EndProject
Project("{FAE04EC0-301F-11D3-BF4B-00C04F79EFBC}") = "ConsoleApp5", "ConsoleApp5\ConsoleApp5.csproj", "{593F7529-B4CD-4BB7-B509-0B536547D8DD}"
EndProject
Project("{FAE04EC0-301F-11D3-BF4B-00C04F79EFBC}") = "LessonClasses", "LessonClasses\LessonClasses.csproj", "{83FA9652-3ACE-41B3-97DB-4127FFAF5C2B}"
EndProject
Project("{FAE04EC0-301F-11D3-BF4B-00C04F79EFBC}") = "Students", "Students\Students.csproj", "{9403CA4F-197E-408F-9D66-A46AF4AB9A0D}"
EndProject
Project("{FAE04EC0-301F-11D3-BF4B-00C04F79EFBC}") = "RegexGroup", "RegexGroup\RegexGroup.csproj", "{F4D8E0C4-2BF9-4116-9D37-37F49582914C}"
EndProject
Project("{FAE04EC0-301F-11D3-BF4B-00C04F79EFBC}") = "Animals", "Animals\Animals.csproj", "{64E2DB20-DBCE-4453-8DCC-330FBC807126}"
EndProject
Project("{FAE04EC0-301F-11D3-BF4B-00C04F79EFBC}") = "InterfacesWork", "InterfacesWork\InterfacesWork.csproj", "{8D1F8E8B-78B3-46F3-BD44-B8BE3FE95270}"
EndProject
Project("{FAE04EC0-301F-11D3-BF4B-00C04F79EFBC}") = "LessonInterface", "LessonInterface\LessonInterface.csproj", "{B5C5074E-F982-4B6F-B059-BBCB6AAD3706}"
EndProject
Project("{FAE04EC0-301F-11D3-BF4B-00C04F79EFBC}") = "lab11", "lab11\lab11.csproj", "{AD16F09A-6875-4EBE-940E-408D815DD965}"
EndProject
Global
	GlobalSection(SolutionConfigurationPlatforms) = preSolution
		Debug|Any CPU = Debug|Any CPU
		Release|Any CPU = Release|Any CPU
	EndGlobalSection
	GlobalSection(ProjectConfigurationPlatforms) = postSolution
		{66D883CC-E7D8-45BD-A174-B56821BD238B}.Debug|Any CPU.ActiveCfg = Debug|Any CPU
		{66D883CC-E7D8-45BD-A174-B56821BD238B}.Debug|Any CPU.Build.0 = Debug|Any CPU
		{66D883CC-E7D8-45BD-A174-B56821BD238B}.Release|Any CPU.ActiveCfg = Release|Any CPU
		{66D883CC-E7D8-45BD-A174-B56821BD238B}.Release|Any CPU.Build.0 = Release|Any CPU
		{CE27D9C3-5432-438D-AFFE-DD1D1F94838B}.Debug|Any CPU.ActiveCfg = Debug|Any CPU
		{CE27D9C3-5432-438D-AFFE-DD1D1F94838B}.Debug|Any CPU.Build.0 = Debug|Any CPU
		{CE27D9C3-5432-438D-AFFE-DD1D1F94838B}.Release|Any CPU.ActiveCfg = Release|Any CPU
		{CE27D9C3-5432-438D-AFFE-DD1D1F94838B}.Release|Any CPU.Build.0 = Release|Any CPU
		{8D6B2C6B-C7ED-4B5B-A7D1-CF80A0EC6603}.Debug|Any CPU.ActiveCfg = Debug|Any CPU
		{8D6B2C6B-C7ED-4B5B-A7D1-CF80A0EC6603}.Debug|Any CPU.Build.0 = Debug|Any CPU
		{8D6B2C6B-C7ED-4B5B-A7D1-CF80A0EC6603}.Release|Any CPU.ActiveCfg = Release|Any CPU
		{8D6B2C6B-C7ED-4B5B-A7D1-CF80A0EC6603}.Release|Any CPU.Build.0 = Release|Any CPU
		{593F7529-B4CD-4BB7-B509-0B536547D8DD}.Debug|Any CPU.ActiveCfg = Debug|Any CPU
		{593F7529-B4CD-4BB7-B509-0B536547D8DD}.Debug|Any CPU.Build.0 = Debug|Any CPU
		{593F7529-B4CD-4BB7-B509-0B536547D8DD}.Release|Any CPU.ActiveCfg = Release|Any CPU
		{593F7529-B4CD-4BB7-B509-0B536547D8DD}.Release|Any CPU.Build.0 = Release|Any CPU
		{83FA9652-3ACE-41B3-97DB-4127FFAF5C2B}.Debug|Any CPU.ActiveCfg = Debug|Any CPU
		{83FA9652-3ACE-41B3-97DB-4127FFAF5C2B}.Debug|Any CPU.Build.0 = Debug|Any CPU
		{83FA9652-3ACE-41B3-97DB-4127FFAF5C2B}.Release|Any CPU.ActiveCfg = Release|Any CPU
		{83FA9652-3ACE-41B3-97DB-4127FFAF5C2B}.Release|Any CPU.Build.0 = Release|Any CPU
		{9403CA4F-197E-408F-9D66-A46AF4AB9A0D}.Debug|Any CPU.ActiveCfg = Debug|Any CPU
		{9403CA4F-197E-408F-9D66-A46AF4AB9A0D}.Debug|Any CPU.Build.0 = Debug|Any CPU
		{9403CA4F-197E-408F-9D66-A46AF4AB9A0D}.Release|Any CPU.ActiveCfg = Release|Any CPU
		{9403CA4F-197E-408F-9D66-A46AF4AB9A0D}.Release|Any CPU.Build.0 = Release|Any CPU
		{F4D8E0C4-2BF9-4116-9D37-37F49582914C}.Debug|Any CPU.ActiveCfg = Debug|Any CPU
		{F4D8E0C4-2BF9-4116-9D37-37F49582914C}.Debug|Any CPU.Build.0 = Debug|Any CPU
		{F4D8E0C4-2BF9-4116-9D37-37F49582914C}.Release|Any CPU.ActiveCfg = Release|Any CPU
		{F4D8E0C4-2BF9-4116-9D37-37F49582914C}.Release|Any CPU.Build.0 = Release|Any CPU
		{64E2DB20-DBCE-4453-8DCC-330FBC807126}.Debug|Any CPU.ActiveCfg = Debug|Any CPU
		{64E2DB20-DBCE-4453-8DCC-330FBC807126}.Debug|Any CPU.Build.0 = Debug|Any CPU
		{64E2DB20-DBCE-4453-8DCC-330FBC807126}.Release|Any CPU.ActiveCfg = Release|Any CPU
		{64E2DB20-DBCE-4453-8DCC-330FBC807126}.Release|Any CPU.Build.0 = Release|Any CPU
		{8D1F8E8B-78B3-46F3-BD44-B8BE3FE95270}.Debug|Any CPU.ActiveCfg = Debug|Any CPU
		{8D1F8E8B-78B3-46F3-BD44-B8BE3FE95270}.Debug|Any CPU.Build.0 = Debug|Any CPU
		{8D1F8E8B-78B3-46F3-BD44-B8BE3FE95270}.Release|Any CPU.ActiveCfg = Release|Any CPU
		{8D1F8E8B-78B3-46F3-BD44-B8BE3FE95270}.Release|Any CPU.Build.0 = Release|Any CPU
		{B5C5074E-F982-4B6F-B059-BBCB6AAD3706}.Debug|Any CPU.ActiveCfg = Debug|Any CPU
		{B5C5074E-F982-4B6F-B059-BBCB6AAD3706}.Debug|Any CPU.Build.0 = Debug|Any CPU
		{B5C5074E-F982-4B6F-B059-BBCB6AAD3706}.Release|Any CPU.ActiveCfg = Release|Any CPU
		{B5C5074E-F982-4B6F-B059-BBCB6AAD3706}.Release|Any CPU.Build.0 = Release|Any CPU
		{AD16F09A-6875-4EBE-940E-408D815DD965}.Debug|Any CPU.ActiveCfg = Debug|Any CPU
		{AD16F09A-6875-4EBE-940E-408D815DD965}.Debug|Any CPU.Build.0 = Debug|Any CPU
		{AD16F09A-6875-4EBE-940E-408D815DD965}.Release|Any CPU.ActiveCfg = Release|Any CPU
		{AD16F09A-6875-4EBE-940E-408D815DD965}.Release|Any CPU.Build.0 = Release|Any CPU
	EndGlobalSection
	GlobalSection(SolutionProperties) = preSolution
		HideSolutionNode = FALSE
	EndGlobalSection
	GlobalSection(NestedProjects) = preSolution
		{66D883CC-E7D8-45BD-A174-B56821BD238B} = {9BA51176-2B94-40A4-9504-FDD65B035905}
		{CE27D9C3-5432-438D-AFFE-DD1D1F94838B} = {9BA51176-2B94-40A4-9504-FDD65B035905}
		{8D6B2C6B-C7ED-4B5B-A7D1-CF80A0EC6603} = {9BA51176-2B94-40A4-9504-FDD65B035905}
		{593F7529-B4CD-4BB7-B509-0B536547D8DD} = {9BA51176-2B94-40A4-9504-FDD65B035905}
		{83FA9652-3ACE-41B3-97DB-4127FFAF5C2B} = {9BA51176-2B94-40A4-9504-FDD65B035905}
		{9403CA4F-197E-408F-9D66-A46AF4AB9A0D} = {9BA51176-2B94-40A4-9504-FDD65B035905}
		{F4D8E0C4-2BF9-4116-9D37-37F49582914C} = {9BA51176-2B94-40A4-9504-FDD65B035905}
		{64E2DB20-DBCE-4453-8DCC-330FBC807126} = {9BA51176-2B94-40A4-9504-FDD65B035905}
		{8D1F8E8B-78B3-46F3-BD44-B8BE3FE95270} = {9BA51176-2B94-40A4-9504-FDD65B035905}
		{B5C5074E-F982-4B6F-B059-BBCB6AAD3706} = {9BA51176-2B94-40A4-9504-FDD65B035905}
		{AD16F09A-6875-4EBE-940E-408D815DD965} = {9BA51176-2B94-40A4-9504-FDD65B035905}
	EndGlobalSection
	GlobalSection(ExtensibilityGlobals) = postSolution
		SolutionGuid = {57855B18-EAE2-42E4-B84C-FACC4F4154B1}
	EndGlobalSection
EndGlobal
